
Microsoft Visual Studio Solution File, Format Version 12.00
# Visual Studio Version 17
VisualStudioVersion = 17.2.32630.192
MinimumVisualStudioVersion = 10.0.40219.1
Project("{9A19103F-16F7-4668-BE54-9A1E7A4F7556}") = "like-disc.Core", "like-disc.Core\like-disc.Core.csproj", "{A44E8643-AC9B-4949-9833-E20F4A61781C}"
EndProject
Project("{9A19103F-16F7-4668-BE54-9A1E7A4F7556}") = "like-disc.Service", "like-disc.Service\like-disc.Service.csproj", "{91F3410B-9208-4E09-B58D-FFAFC25B407D}"
EndProject
Project("{9A19103F-16F7-4668-BE54-9A1E7A4F7556}") = "like-disc.Ui", "like-disc.Ui\like-disc.Ui.csproj", "{06B01452-853D-41FE-999A-2340CF2523CB}"
EndProject
Project("{FAE04EC0-301F-11D3-BF4B-00C04F79EFBC}") = "like-disc.Data", "like-disc.Data\like-disc.Data.csproj", "{39070681-FC1B-45EA-A375-405851987DC3}"
EndProject
Global
	GlobalSection(SolutionConfigurationPlatforms) = preSolution
		Debug|Any CPU = Debug|Any CPU
		Release|Any CPU = Release|Any CPU
	EndGlobalSection
	GlobalSection(ProjectConfigurationPlatforms) = postSolution
		{A44E8643-AC9B-4949-9833-E20F4A61781C}.Debug|Any CPU.ActiveCfg = Debug|Any CPU
		{A44E8643-AC9B-4949-9833-E20F4A61781C}.Debug|Any CPU.Build.0 = Debug|Any CPU
		{A44E8643-AC9B-4949-9833-E20F4A61781C}.Release|Any CPU.ActiveCfg = Release|Any CPU
		{A44E8643-AC9B-4949-9833-E20F4A61781C}.Release|Any CPU.Build.0 = Release|Any CPU
		{91F3410B-9208-4E09-B58D-FFAFC25B407D}.Debug|Any CPU.ActiveCfg = Debug|Any CPU
		{91F3410B-9208-4E09-B58D-FFAFC25B407D}.Debug|Any CPU.Build.0 = Debug|Any CPU
		{91F3410B-9208-4E09-B58D-FFAFC25B407D}.Release|Any CPU.ActiveCfg = Release|Any CPU
		{91F3410B-9208-4E09-B58D-FFAFC25B407D}.Release|Any CPU.Build.0 = Release|Any CPU
		{06B01452-853D-41FE-999A-2340CF2523CB}.Debug|Any CPU.ActiveCfg = Debug|Any CPU
		{06B01452-853D-41FE-999A-2340CF2523CB}.Debug|Any CPU.Build.0 = Debug|Any CPU
		{06B01452-853D-41FE-999A-2340CF2523CB}.Release|Any CPU.ActiveCfg = Release|Any CPU
		{06B01452-853D-41FE-999A-2340CF2523CB}.Release|Any CPU.Build.0 = Release|Any CPU
		{39070681-FC1B-45EA-A375-405851987DC3}.Debug|Any CPU.ActiveCfg = Debug|Any CPU
		{39070681-FC1B-45EA-A375-405851987DC3}.Debug|Any CPU.Build.0 = Debug|Any CPU
		{39070681-FC1B-45EA-A375-405851987DC3}.Release|Any CPU.ActiveCfg = Release|Any CPU
		{39070681-FC1B-45EA-A375-405851987DC3}.Release|Any CPU.Build.0 = Release|Any CPU
	EndGlobalSection
	GlobalSection(SolutionProperties) = preSolution
		HideSolutionNode = FALSE
	EndGlobalSection
	GlobalSection(ExtensibilityGlobals) = postSolution
		SolutionGuid = {D0D756E8-CCB4-482C-8C63-B09FC97B967D}
	EndGlobalSection
EndGlobal
